
Microsoft Visual Studio Solution File, Format Version 12.00
# Visual Studio Version 17
VisualStudioVersion = 17.5.33627.172
MinimumVisualStudioVersion = 10.0.40219.1
Project("{FAE04EC0-301F-11D3-BF4B-00C04F79EFBC}") = "HealthyDaysFormApp", "HealthyDaysFormApp\HealthyDaysFormApp.csproj", "{A1D9C3BA-B5BA-467A-BA4F-9178432B8516}"
EndProject
Global
	GlobalSection(SolutionConfigurationPlatforms) = preSolution
		Debug|Any CPU = Debug|Any CPU
		Release|Any CPU = Release|Any CPU
	EndGlobalSection
	GlobalSection(ProjectConfigurationPlatforms) = postSolution
		{A1D9C3BA-B5BA-467A-BA4F-9178432B8516}.Debug|Any CPU.ActiveCfg = Debug|Any CPU
		{A1D9C3BA-B5BA-467A-BA4F-9178432B8516}.Debug|Any CPU.Build.0 = Debug|Any CPU
		{A1D9C3BA-B5BA-467A-BA4F-9178432B8516}.Release|Any CPU.ActiveCfg = Release|Any CPU
		{A1D9C3BA-B5BA-467A-BA4F-9178432B8516}.Release|Any CPU.Build.0 = Release|Any CPU
	EndGlobalSection
	GlobalSection(SolutionProperties) = preSolution
		HideSolutionNode = FALSE
	EndGlobalSection
	GlobalSection(ExtensibilityGlobals) = postSolution
		SolutionGuid = {E6FBB9F0-198E-484C-BE28-375FF77E0FB6}
	EndGlobalSection
EndGlobal
